
Microsoft Visual Studio Solution File, Format Version 12.00
# Visual Studio Version 16
VisualStudioVersion = 16.0.30709.132
MinimumVisualStudioVersion = 10.0.40219.1
Project("{FAE04EC0-301F-11D3-BF4B-00C04F79EFBC}") = "ConsoleApp3", "ConsoleApp3\ConsoleApp3.csproj", "{5A61167A-F602-4A03-B3DB-359165826E15}"
EndProject
Global
	GlobalSection(SolutionConfigurationPlatforms) = preSolution
		Debug|Any CPU = Debug|Any CPU
		Release|Any CPU = Release|Any CPU
	EndGlobalSection
	GlobalSection(ProjectConfigurationPlatforms) = postSolution
		{5A61167A-F602-4A03-B3DB-359165826E15}.Debug|Any CPU.ActiveCfg = Debug|Any CPU
		{5A61167A-F602-4A03-B3DB-359165826E15}.Debug|Any CPU.Build.0 = Debug|Any CPU
		{5A61167A-F602-4A03-B3DB-359165826E15}.Release|Any CPU.ActiveCfg = Release|Any CPU
		{5A61167A-F602-4A03-B3DB-359165826E15}.Release|Any CPU.Build.0 = Release|Any CPU
	EndGlobalSection
	GlobalSection(SolutionProperties) = preSolution
		HideSolutionNode = FALSE
	EndGlobalSection
	GlobalSection(ExtensibilityGlobals) = postSolution
		SolutionGuid = {A9F9073B-B7AB-42BE-8C70-B367A5E53455}
	EndGlobalSection
EndGlobal
